// !$*UTF8*$!
{
	archiveVersion = 1;
	classes = {
	};
	objectVersion = 55;
	objects = {

/* Begin PBXBuildFile section */
		125F48ACF7ADD26AA04D59B5 /* Pods_MeliChallengeTests.framework in Frameworks */ = {isa = PBXBuildFile; fileRef = 2750E22F472AF3428E0DA125 /* Pods_MeliChallengeTests.framework */; };
		5EB9E639F358E8C610774971 /* Pods_MeliChallenge.framework in Frameworks */ = {isa = PBXBuildFile; fileRef = 97C4D04192DE8062DD688176 /* Pods_MeliChallenge.framework */; };
		B9A21C6727A8528D001222DE /* AppDelegate.swift in Sources */ = {isa = PBXBuildFile; fileRef = B9A21C6627A8528D001222DE /* AppDelegate.swift */; };
		B9A21C6927A8528D001222DE /* SceneDelegate.swift in Sources */ = {isa = PBXBuildFile; fileRef = B9A21C6827A8528D001222DE /* SceneDelegate.swift */; };
		B9A21C6B27A8528D001222DE /* ViewController.swift in Sources */ = {isa = PBXBuildFile; fileRef = B9A21C6A27A8528D001222DE /* ViewController.swift */; };
		B9A21C6E27A8528D001222DE /* Main.storyboard in Resources */ = {isa = PBXBuildFile; fileRef = B9A21C6C27A8528D001222DE /* Main.storyboard */; };
		B9A21C7027A8528F001222DE /* Assets.xcassets in Resources */ = {isa = PBXBuildFile; fileRef = B9A21C6F27A8528F001222DE /* Assets.xcassets */; };
		B9A21C7327A8528F001222DE /* LaunchScreen.storyboard in Resources */ = {isa = PBXBuildFile; fileRef = B9A21C7127A8528F001222DE /* LaunchScreen.storyboard */; };
		B9A21C7E27A8528F001222DE /* MeliChallengeTests.swift in Sources */ = {isa = PBXBuildFile; fileRef = B9A21C7D27A8528F001222DE /* MeliChallengeTests.swift */; };
		B9A21C8827A8528F001222DE /* MeliChallengeUITests.swift in Sources */ = {isa = PBXBuildFile; fileRef = B9A21C8727A8528F001222DE /* MeliChallengeUITests.swift */; };
		B9A21C8A27A8528F001222DE /* MeliChallengeUITestsLaunchTests.swift in Sources */ = {isa = PBXBuildFile; fileRef = B9A21C8927A8528F001222DE /* MeliChallengeUITestsLaunchTests.swift */; };
		EDC5D236262D6B469187B8A4 /* Pods_MeliChallenge_MeliChallengeUITests.framework in Frameworks */ = {isa = PBXBuildFile; fileRef = D615E1854F997F4C477EF1B9 /* Pods_MeliChallenge_MeliChallengeUITests.framework */; };
/* End PBXBuildFile section */

/* Begin PBXContainerItemProxy section */
		B9A21C7A27A8528F001222DE /* PBXContainerItemProxy */ = {
			isa = PBXContainerItemProxy;
			containerPortal = B9A21C5B27A8528D001222DE /* Project object */;
			proxyType = 1;
			remoteGlobalIDString = B9A21C6227A8528D001222DE;
			remoteInfo = MeliChallenge;
		};
		B9A21C8427A8528F001222DE /* PBXContainerItemProxy */ = {
			isa = PBXContainerItemProxy;
			containerPortal = B9A21C5B27A8528D001222DE /* Project object */;
			proxyType = 1;
			remoteGlobalIDString = B9A21C6227A8528D001222DE;
			remoteInfo = MeliChallenge;
		};
/* End PBXContainerItemProxy section */

/* Begin PBXFileReference section */
		03383D5FD4CF1375E07DB91E /* Pods-MeliChallengeTests.release.xcconfig */ = {isa = PBXFileReference; includeInIndex = 1; lastKnownFileType = text.xcconfig; name = "Pods-MeliChallengeTests.release.xcconfig"; path = "Target Support Files/Pods-MeliChallengeTests/Pods-MeliChallengeTests.release.xcconfig"; sourceTree = "<group>"; };
		2750E22F472AF3428E0DA125 /* Pods_MeliChallengeTests.framework */ = {isa = PBXFileReference; explicitFileType = wrapper.framework; includeInIndex = 0; path = Pods_MeliChallengeTests.framework; sourceTree = BUILT_PRODUCTS_DIR; };
		5C6989B81A271F16B99FEF1C /* Pods-MeliChallenge-MeliChallengeUITests.debug.xcconfig */ = {isa = PBXFileReference; includeInIndex = 1; lastKnownFileType = text.xcconfig; name = "Pods-MeliChallenge-MeliChallengeUITests.debug.xcconfig"; path = "Target Support Files/Pods-MeliChallenge-MeliChallengeUITests/Pods-MeliChallenge-MeliChallengeUITests.debug.xcconfig"; sourceTree = "<group>"; };
		9614D417F5A500E4A567E76F /* Pods-MeliChallenge-MeliChallengeUITests.release.xcconfig */ = {isa = PBXFileReference; includeInIndex = 1; lastKnownFileType = text.xcconfig; name = "Pods-MeliChallenge-MeliChallengeUITests.release.xcconfig"; path = "Target Support Files/Pods-MeliChallenge-MeliChallengeUITests/Pods-MeliChallenge-MeliChallengeUITests.release.xcconfig"; sourceTree = "<group>"; };
		97C4D04192DE8062DD688176 /* Pods_MeliChallenge.framework */ = {isa = PBXFileReference; explicitFileType = wrapper.framework; includeInIndex = 0; path = Pods_MeliChallenge.framework; sourceTree = BUILT_PRODUCTS_DIR; };
		9B6E09632CBC1514EB016279 /* Pods-MeliChallenge.release.xcconfig */ = {isa = PBXFileReference; includeInIndex = 1; lastKnownFileType = text.xcconfig; name = "Pods-MeliChallenge.release.xcconfig"; path = "Target Support Files/Pods-MeliChallenge/Pods-MeliChallenge.release.xcconfig"; sourceTree = "<group>"; };
		B38BE7048CFCA2CDEDE06F7D /* Pods-MeliChallengeTests.debug.xcconfig */ = {isa = PBXFileReference; includeInIndex = 1; lastKnownFileType = text.xcconfig; name = "Pods-MeliChallengeTests.debug.xcconfig"; path = "Target Support Files/Pods-MeliChallengeTests/Pods-MeliChallengeTests.debug.xcconfig"; sourceTree = "<group>"; };
		B9A21C6327A8528D001222DE /* MeliChallenge.app */ = {isa = PBXFileReference; explicitFileType = wrapper.application; includeInIndex = 0; path = MeliChallenge.app; sourceTree = BUILT_PRODUCTS_DIR; };
		B9A21C6627A8528D001222DE /* AppDelegate.swift */ = {isa = PBXFileReference; lastKnownFileType = sourcecode.swift; path = AppDelegate.swift; sourceTree = "<group>"; };
		B9A21C6827A8528D001222DE /* SceneDelegate.swift */ = {isa = PBXFileReference; lastKnownFileType = sourcecode.swift; path = SceneDelegate.swift; sourceTree = "<group>"; };
		B9A21C6A27A8528D001222DE /* ViewController.swift */ = {isa = PBXFileReference; lastKnownFileType = sourcecode.swift; path = ViewController.swift; sourceTree = "<group>"; };
		B9A21C6D27A8528D001222DE /* Base */ = {isa = PBXFileReference; lastKnownFileType = file.storyboard; name = Base; path = Base.lproj/Main.storyboard; sourceTree = "<group>"; };
		B9A21C6F27A8528F001222DE /* Assets.xcassets */ = {isa = PBXFileReference; lastKnownFileType = folder.assetcatalog; path = Assets.xcassets; sourceTree = "<group>"; };
		B9A21C7227A8528F001222DE /* Base */ = {isa = PBXFileReference; lastKnownFileType = file.storyboard; name = Base; path = Base.lproj/LaunchScreen.storyboard; sourceTree = "<group>"; };
		B9A21C7427A8528F001222DE /* Info.plist */ = {isa = PBXFileReference; lastKnownFileType = text.plist.xml; path = Info.plist; sourceTree = "<group>"; };
		B9A21C7927A8528F001222DE /* MeliChallengeTests.xctest */ = {isa = PBXFileReference; explicitFileType = wrapper.cfbundle; includeInIndex = 0; path = MeliChallengeTests.xctest; sourceTree = BUILT_PRODUCTS_DIR; };
		B9A21C7D27A8528F001222DE /* MeliChallengeTests.swift */ = {isa = PBXFileReference; lastKnownFileType = sourcecode.swift; path = MeliChallengeTests.swift; sourceTree = "<group>"; };
		B9A21C8327A8528F001222DE /* MeliChallengeUITests.xctest */ = {isa = PBXFileReference; explicitFileType = wrapper.cfbundle; includeInIndex = 0; path = MeliChallengeUITests.xctest; sourceTree = BUILT_PRODUCTS_DIR; };
		B9A21C8727A8528F001222DE /* MeliChallengeUITests.swift */ = {isa = PBXFileReference; lastKnownFileType = sourcecode.swift; path = MeliChallengeUITests.swift; sourceTree = "<group>"; };
		B9A21C8927A8528F001222DE /* MeliChallengeUITestsLaunchTests.swift */ = {isa = PBXFileReference; lastKnownFileType = sourcecode.swift; path = MeliChallengeUITestsLaunchTests.swift; sourceTree = "<group>"; };
		B9A21C9A27A853A3001222DE /* Proxima Nova Alt Thin.otf */ = {isa = PBXFileReference; lastKnownFileType = file; path = "Proxima Nova Alt Thin.otf"; sourceTree = "<group>"; };
		B9A21C9B27A853A3001222DE /* Proxima Nova Alt Bold.otf */ = {isa = PBXFileReference; lastKnownFileType = file; path = "Proxima Nova Alt Bold.otf"; sourceTree = "<group>"; };
		B9A21C9C27A853A3001222DE /* Proxima Nova Extrabold.otf */ = {isa = PBXFileReference; lastKnownFileType = file; path = "Proxima Nova Extrabold.otf"; sourceTree = "<group>"; };
		B9A21C9D27A853A3001222DE /* Proxima Nova Alt Light.otf */ = {isa = PBXFileReference; lastKnownFileType = file; path = "Proxima Nova Alt Light.otf"; sourceTree = "<group>"; };
		B9A21C9E27A853A3001222DE /* Proxima Nova Black.otf */ = {isa = PBXFileReference; lastKnownFileType = file; path = "Proxima Nova Black.otf"; sourceTree = "<group>"; };
		B9A21C9F27A853A3001222DE /* Proxima Nova Bold.otf */ = {isa = PBXFileReference; lastKnownFileType = file; path = "Proxima Nova Bold.otf"; sourceTree = "<group>"; };
		B9A21CA027A853A3001222DE /* ProximaNova-Regular.otf */ = {isa = PBXFileReference; lastKnownFileType = file; path = "ProximaNova-Regular.otf"; sourceTree = "<group>"; };
		B9A21CA127A853A3001222DE /* Proxima Nova Thin.otf */ = {isa = PBXFileReference; lastKnownFileType = file; path = "Proxima Nova Thin.otf"; sourceTree = "<group>"; };
		C34EB4B8D8F0FB35BAD10EAD /* Pods-MeliChallenge.debug.xcconfig */ = {isa = PBXFileReference; includeInIndex = 1; lastKnownFileType = text.xcconfig; name = "Pods-MeliChallenge.debug.xcconfig"; path = "Target Support Files/Pods-MeliChallenge/Pods-MeliChallenge.debug.xcconfig"; sourceTree = "<group>"; };
		D615E1854F997F4C477EF1B9 /* Pods_MeliChallenge_MeliChallengeUITests.framework */ = {isa = PBXFileReference; explicitFileType = wrapper.framework; includeInIndex = 0; path = Pods_MeliChallenge_MeliChallengeUITests.framework; sourceTree = BUILT_PRODUCTS_DIR; };
/* End PBXFileReference section */

/* Begin PBXFrameworksBuildPhase section */
		B9A21C6027A8528D001222DE /* Frameworks */ = {
			isa = PBXFrameworksBuildPhase;
			buildActionMask = 2147483647;
			files = (
				5EB9E639F358E8C610774971 /* Pods_MeliChallenge.framework in Frameworks */,
			);
			runOnlyForDeploymentPostprocessing = 0;
		};
		B9A21C7627A8528F001222DE /* Frameworks */ = {
			isa = PBXFrameworksBuildPhase;
			buildActionMask = 2147483647;
			files = (
				125F48ACF7ADD26AA04D59B5 /* Pods_MeliChallengeTests.framework in Frameworks */,
			);
			runOnlyForDeploymentPostprocessing = 0;
		};
		B9A21C8027A8528F001222DE /* Frameworks */ = {
			isa = PBXFrameworksBuildPhase;
			buildActionMask = 2147483647;
			files = (
				EDC5D236262D6B469187B8A4 /* Pods_MeliChallenge_MeliChallengeUITests.framework in Frameworks */,
			);
			runOnlyForDeploymentPostprocessing = 0;
		};
/* End PBXFrameworksBuildPhase section */

/* Begin PBXGroup section */
		8146934879D6363B3E12CA03 /* Pods */ = {
			isa = PBXGroup;
			children = (
				C34EB4B8D8F0FB35BAD10EAD /* Pods-MeliChallenge.debug.xcconfig */,
				9B6E09632CBC1514EB016279 /* Pods-MeliChallenge.release.xcconfig */,
				5C6989B81A271F16B99FEF1C /* Pods-MeliChallenge-MeliChallengeUITests.debug.xcconfig */,
				9614D417F5A500E4A567E76F /* Pods-MeliChallenge-MeliChallengeUITests.release.xcconfig */,
				B38BE7048CFCA2CDEDE06F7D /* Pods-MeliChallengeTests.debug.xcconfig */,
				03383D5FD4CF1375E07DB91E /* Pods-MeliChallengeTests.release.xcconfig */,
			);
			path = Pods;
			sourceTree = "<group>";
		};
		B9A21C5A27A8528D001222DE = {
			isa = PBXGroup;
			children = (
				B9A21C6527A8528D001222DE /* MeliChallenge */,
				B9A21C7C27A8528F001222DE /* MeliChallengeTests */,
				B9A21C8627A8528F001222DE /* MeliChallengeUITests */,
				B9A21C6427A8528D001222DE /* Products */,
				8146934879D6363B3E12CA03 /* Pods */,
				D6BE498A4F03862782F020A7 /* Frameworks */,
			);
			sourceTree = "<group>";
		};
		B9A21C6427A8528D001222DE /* Products */ = {
			isa = PBXGroup;
			children = (
				B9A21C6327A8528D001222DE /* MeliChallenge.app */,
				B9A21C7927A8528F001222DE /* MeliChallengeTests.xctest */,
				B9A21C8327A8528F001222DE /* MeliChallengeUITests.xctest */,
			);
			name = Products;
			sourceTree = "<group>";
		};
		B9A21C6527A8528D001222DE /* MeliChallenge */ = {
			isa = PBXGroup;
			children = (
				B9A21C9627A85361001222DE /* Base */,
				B9A21C6A27A8528D001222DE /* ViewController.swift */,
				B9A21CA227A853CE001222DE /* Views */,
				B9A21C9827A85394001222DE /* Resources */,
				B9A21C7427A8528F001222DE /* Info.plist */,
			);
			path = MeliChallenge;
			sourceTree = "<group>";
		};
		B9A21C7C27A8528F001222DE /* MeliChallengeTests */ = {
			isa = PBXGroup;
			children = (
				B9A21C7D27A8528F001222DE /* MeliChallengeTests.swift */,
			);
			path = MeliChallengeTests;
			sourceTree = "<group>";
		};
		B9A21C8627A8528F001222DE /* MeliChallengeUITests */ = {
			isa = PBXGroup;
			children = (
				B9A21C8727A8528F001222DE /* MeliChallengeUITests.swift */,
				B9A21C8927A8528F001222DE /* MeliChallengeUITestsLaunchTests.swift */,
			);
			path = MeliChallengeUITests;
			sourceTree = "<group>";
		};
		B9A21C9627A85361001222DE /* Base */ = {
			isa = PBXGroup;
			children = (
				B9A21C6627A8528D001222DE /* AppDelegate.swift */,
				B9A21C6827A8528D001222DE /* SceneDelegate.swift */,
				B9A21C7127A8528F001222DE /* LaunchScreen.storyboard */,
			);
			path = Base;
			sourceTree = "<group>";
		};
		B9A21C9827A85394001222DE /* Resources */ = {
			isa = PBXGroup;
			children = (
				B9A21C9927A853A3001222DE /* Fonts */,
				B9A21C6F27A8528F001222DE /* Assets.xcassets */,
			);
			path = Resources;
			sourceTree = "<group>";
		};
		B9A21C9927A853A3001222DE /* Fonts */ = {
			isa = PBXGroup;
			children = (
				B9A21C9A27A853A3001222DE /* Proxima Nova Alt Thin.otf */,
				B9A21C9B27A853A3001222DE /* Proxima Nova Alt Bold.otf */,
				B9A21C9C27A853A3001222DE /* Proxima Nova Extrabold.otf */,
				B9A21C9D27A853A3001222DE /* Proxima Nova Alt Light.otf */,
				B9A21C9E27A853A3001222DE /* Proxima Nova Black.otf */,
				B9A21C9F27A853A3001222DE /* Proxima Nova Bold.otf */,
				B9A21CA027A853A3001222DE /* ProximaNova-Regular.otf */,
				B9A21CA127A853A3001222DE /* Proxima Nova Thin.otf */,
			);
			path = Fonts;
			sourceTree = "<group>";
		};
		B9A21CA227A853CE001222DE /* Views */ = {
			isa = PBXGroup;
			children = (
				B9A21CA327A85408001222DE /* New Group */,
				B9A21C6C27A8528D001222DE /* Main.storyboard */,
			);
			path = Views;
			sourceTree = "<group>";
		};
		B9A21CA327A85408001222DE /* New Group */ = {
			isa = PBXGroup;
			children = (
			);
			path = "New Group";
			sourceTree = "<group>";
		};
		D6BE498A4F03862782F020A7 /* Frameworks */ = {
			isa = PBXGroup;
			children = (
				97C4D04192DE8062DD688176 /* Pods_MeliChallenge.framework */,
				D615E1854F997F4C477EF1B9 /* Pods_MeliChallenge_MeliChallengeUITests.framework */,
				2750E22F472AF3428E0DA125 /* Pods_MeliChallengeTests.framework */,
			);
			name = Frameworks;
			sourceTree = "<group>";
		};
/* End PBXGroup section */

/* Begin PBXNativeTarget section */
		B9A21C6227A8528D001222DE /* MeliChallenge */ = {
			isa = PBXNativeTarget;
			buildConfigurationList = B9A21C8D27A8528F001222DE /* Build configuration list for PBXNativeTarget "MeliChallenge" */;
			buildPhases = (
				AB996E56D8D94EB6C2478284 /* [CP] Check Pods Manifest.lock */,
				B9A21C5F27A8528D001222DE /* Sources */,
				B9A21C6027A8528D001222DE /* Frameworks */,
				B9A21C6127A8528D001222DE /* Resources */,
				E21F3272B6A08ED2F4D31E50 /* [CP] Embed Pods Frameworks */,
			);
			buildRules = (
			);
			dependencies = (
			);
			name = MeliChallenge;
			productName = MeliChallenge;
			productReference = B9A21C6327A8528D001222DE /* MeliChallenge.app */;
			productType = "com.apple.product-type.application";
		};
		B9A21C7827A8528F001222DE /* MeliChallengeTests */ = {
			isa = PBXNativeTarget;
			buildConfigurationList = B9A21C9027A8528F001222DE /* Build configuration list for PBXNativeTarget "MeliChallengeTests" */;
			buildPhases = (
				002A2C4CE1B55A2481FC343A /* [CP] Check Pods Manifest.lock */,
				B9A21C7527A8528F001222DE /* Sources */,
				B9A21C7627A8528F001222DE /* Frameworks */,
				B9A21C7727A8528F001222DE /* Resources */,
			);
			buildRules = (
			);
			dependencies = (
				B9A21C7B27A8528F001222DE /* PBXTargetDependency */,
			);
			name = MeliChallengeTests;
			productName = MeliChallengeTests;
			productReference = B9A21C7927A8528F001222DE /* MeliChallengeTests.xctest */;
			productType = "com.apple.product-type.bundle.unit-test";
		};
		B9A21C8227A8528F001222DE /* MeliChallengeUITests */ = {
			isa = PBXNativeTarget;
			buildConfigurationList = B9A21C9327A8528F001222DE /* Build configuration list for PBXNativeTarget "MeliChallengeUITests" */;
			buildPhases = (
				980458C04071DE8C529723AA /* [CP] Check Pods Manifest.lock */,
				B9A21C7F27A8528F001222DE /* Sources */,
				B9A21C8027A8528F001222DE /* Frameworks */,
				B9A21C8127A8528F001222DE /* Resources */,
				8B029B53AC80DCAB392C4288 /* [CP] Embed Pods Frameworks */,
			);
			buildRules = (
			);
			dependencies = (
				B9A21C8527A8528F001222DE /* PBXTargetDependency */,
			);
			name = MeliChallengeUITests;
			productName = MeliChallengeUITests;
			productReference = B9A21C8327A8528F001222DE /* MeliChallengeUITests.xctest */;
			productType = "com.apple.product-type.bundle.ui-testing";
		};
/* End PBXNativeTarget section */

/* Begin PBXProject section */
		B9A21C5B27A8528D001222DE /* Project object */ = {
			isa = PBXProject;
			attributes = {
				BuildIndependentTargetsInParallel = 1;
				LastSwiftUpdateCheck = 1320;
				LastUpgradeCheck = 1320;
				TargetAttributes = {
					B9A21C6227A8528D001222DE = {
						CreatedOnToolsVersion = 13.2.1;
					};
					B9A21C7827A8528F001222DE = {
						CreatedOnToolsVersion = 13.2.1;
						TestTargetID = B9A21C6227A8528D001222DE;
					};
					B9A21C8227A8528F001222DE = {
						CreatedOnToolsVersion = 13.2.1;
						TestTargetID = B9A21C6227A8528D001222DE;
					};
				};
			};
			buildConfigurationList = B9A21C5E27A8528D001222DE /* Build configuration list for PBXProject "MeliChallenge" */;
			compatibilityVersion = "Xcode 13.0";
			developmentRegion = en;
			hasScannedForEncodings = 0;
			knownRegions = (
				en,
				Base,
			);
			mainGroup = B9A21C5A27A8528D001222DE;
			productRefGroup = B9A21C6427A8528D001222DE /* Products */;
			projectDirPath = "";
			projectRoot = "";
			targets = (
				B9A21C6227A8528D001222DE /* MeliChallenge */,
				B9A21C7827A8528F001222DE /* MeliChallengeTests */,
				B9A21C8227A8528F001222DE /* MeliChallengeUITests */,
			);
		};
/* End PBXProject section */

/* Begin PBXResourcesBuildPhase section */
		B9A21C6127A8528D001222DE /* Resources */ = {
			isa = PBXResourcesBuildPhase;
			buildActionMask = 2147483647;
			files = (
				B9A21C7327A8528F001222DE /* LaunchScreen.storyboard in Resources */,
				B9A21C7027A8528F001222DE /* Assets.xcassets in Resources */,
				B9A21C6E27A8528D001222DE /* Main.storyboard in Resources */,
			);
			runOnlyForDeploymentPostprocessing = 0;
		};
		B9A21C7727A8528F001222DE /* Resources */ = {
			isa = PBXResourcesBuildPhase;
			buildActionMask = 2147483647;
			files = (
			);
			runOnlyForDeploymentPostprocessing = 0;
		};
		B9A21C8127A8528F001222DE /* Resources */ = {
			isa = PBXResourcesBuildPhase;
			buildActionMask = 2147483647;
			files = (
			);
			runOnlyForDeploymentPostprocessing = 0;
		};
/* End PBXResourcesBuildPhase section */

/* Begin PBXShellScriptBuildPhase section */
		002A2C4CE1B55A2481FC343A /* [CP] Check Pods Manifest.lock */ = {
			isa = PBXShellScriptBuildPhase;
			buildActionMask = 2147483647;
			files = (
			);
			inputFileListPaths = (
			);
			inputPaths = (
				"${PODS_PODFILE_DIR_PATH}/Podfile.lock",
				"${PODS_ROOT}/Manifest.lock",
			);
			name = "[CP] Check Pods Manifest.lock";
			outputFileListPaths = (
			);
			outputPaths = (
				"$(DERIVED_FILE_DIR)/Pods-MeliChallengeTests-checkManifestLockResult.txt",
			);
			runOnlyForDeploymentPostprocessing = 0;
			shellPath = /bin/sh;
			shellScript = "diff \"${PODS_PODFILE_DIR_PATH}/Podfile.lock\" \"${PODS_ROOT}/Manifest.lock\" > /dev/null\nif [ $? != 0 ] ; then\n    # print error to STDERR\n    echo \"error: The sandbox is not in sync with the Podfile.lock. Run 'pod install' or update your CocoaPods installation.\" >&2\n    exit 1\nfi\n# This output is used by Xcode 'outputs' to avoid re-running this script phase.\necho \"SUCCESS\" > \"${SCRIPT_OUTPUT_FILE_0}\"\n";
			showEnvVarsInLog = 0;
		};
		8B029B53AC80DCAB392C4288 /* [CP] Embed Pods Frameworks */ = {
			isa = PBXShellScriptBuildPhase;
			buildActionMask = 2147483647;
			files = (
			);
			inputFileListPaths = (
				"${PODS_ROOT}/Target Support Files/Pods-MeliChallenge-MeliChallengeUITests/Pods-MeliChallenge-MeliChallengeUITests-frameworks-${CONFIGURATION}-input-files.xcfilelist",
			);
			name = "[CP] Embed Pods Frameworks";
			outputFileListPaths = (
				"${PODS_ROOT}/Target Support Files/Pods-MeliChallenge-MeliChallengeUITests/Pods-MeliChallenge-MeliChallengeUITests-frameworks-${CONFIGURATION}-output-files.xcfilelist",
			);
			runOnlyForDeploymentPostprocessing = 0;
			shellPath = /bin/sh;
			shellScript = "\"${PODS_ROOT}/Target Support Files/Pods-MeliChallenge-MeliChallengeUITests/Pods-MeliChallenge-MeliChallengeUITests-frameworks.sh\"\n";
			showEnvVarsInLog = 0;
		};
		980458C04071DE8C529723AA /* [CP] Check Pods Manifest.lock */ = {
			isa = PBXShellScriptBuildPhase;
			buildActionMask = 2147483647;
			files = (
			);
			inputFileListPaths = (
			);
			inputPaths = (
				"${PODS_PODFILE_DIR_PATH}/Podfile.lock",
				"${PODS_ROOT}/Manifest.lock",
			);
			name = "[CP] Check Pods Manifest.lock";
			outputFileListPaths = (
			);
			outputPaths = (
				"$(DERIVED_FILE_DIR)/Pods-MeliChallenge-MeliChallengeUITests-checkManifestLockResult.txt",
			);
			runOnlyForDeploymentPostprocessing = 0;
			shellPath = /bin/sh;
			shellScript = "diff \"${PODS_PODFILE_DIR_PATH}/Podfile.lock\" \"${PODS_ROOT}/Manifest.lock\" > /dev/null\nif [ $? != 0 ] ; then\n    # print error to STDERR\n    echo \"error: The sandbox is not in sync with the Podfile.lock. Run 'pod install' or update your CocoaPods installation.\" >&2\n    exit 1\nfi\n# This output is used by Xcode 'outputs' to avoid re-running this script phase.\necho \"SUCCESS\" > \"${SCRIPT_OUTPUT_FILE_0}\"\n";
			showEnvVarsInLog = 0;
		};
		AB996E56D8D94EB6C2478284 /* [CP] Check Pods Manifest.lock */ = {
			isa = PBXShellScriptBuildPhase;
			buildActionMask = 2147483647;
			files = (
			);
			inputFileListPaths = (
			);
			inputPaths = (
				"${PODS_PODFILE_DIR_PATH}/Podfile.lock",
				"${PODS_ROOT}/Manifest.lock",
			);
			name = "[CP] Check Pods Manifest.lock";
			outputFileListPaths = (
			);
			outputPaths = (
				"$(DERIVED_FILE_DIR)/Pods-MeliChallenge-checkManifestLockResult.txt",
			);
			runOnlyForDeploymentPostprocessing = 0;
			shellPath = /bin/sh;
			shellScript = "diff \"${PODS_PODFILE_DIR_PATH}/Podfile.lock\" \"${PODS_ROOT}/Manifest.lock\" > /dev/null\nif [ $? != 0 ] ; then\n    # print error to STDERR\n    echo \"error: The sandbox is not in sync with the Podfile.lock. Run 'pod install' or update your CocoaPods installation.\" >&2\n    exit 1\nfi\n# This output is used by Xcode 'outputs' to avoid re-running this script phase.\necho \"SUCCESS\" > \"${SCRIPT_OUTPUT_FILE_0}\"\n";
			showEnvVarsInLog = 0;
		};
		E21F3272B6A08ED2F4D31E50 /* [CP] Embed Pods Frameworks */ = {
			isa = PBXShellScriptBuildPhase;
			buildActionMask = 2147483647;
			files = (
			);
			inputFileListPaths = (
				"${PODS_ROOT}/Target Support Files/Pods-MeliChallenge/Pods-MeliChallenge-frameworks-${CONFIGURATION}-input-files.xcfilelist",
			);
			name = "[CP] Embed Pods Frameworks";
			outputFileListPaths = (
				"${PODS_ROOT}/Target Support Files/Pods-MeliChallenge/Pods-MeliChallenge-frameworks-${CONFIGURATION}-output-files.xcfilelist",
			);
			runOnlyForDeploymentPostprocessing = 0;
			shellPath = /bin/sh;
			shellScript = "\"${PODS_ROOT}/Target Support Files/Pods-MeliChallenge/Pods-MeliChallenge-frameworks.sh\"\n";
			showEnvVarsInLog = 0;
		};
/* End PBXShellScriptBuildPhase section */

/* Begin PBXSourcesBuildPhase section */
		B9A21C5F27A8528D001222DE /* Sources */ = {
			isa = PBXSourcesBuildPhase;
			buildActionMask = 2147483647;
			files = (
				B9A21C6B27A8528D001222DE /* ViewController.swift in Sources */,
				B9A21C6727A8528D001222DE /* AppDelegate.swift in Sources */,
				B9A21C6927A8528D001222DE /* SceneDelegate.swift in Sources */,
			);
			runOnlyForDeploymentPostprocessing = 0;
		};
		B9A21C7527A8528F001222DE /* Sources */ = {
			isa = PBXSourcesBuildPhase;
			buildActionMask = 2147483647;
			files = (
				B9A21C7E27A8528F001222DE /* MeliChallengeTests.swift in Sources */,
			);
			runOnlyForDeploymentPostprocessing = 0;
		};
		B9A21C7F27A8528F001222DE /* Sources */ = {
			isa = PBXSourcesBuildPhase;
			buildActionMask = 2147483647;
			files = (
				B9A21C8827A8528F001222DE /* MeliChallengeUITests.swift in Sources */,
				B9A21C8A27A8528F001222DE /* MeliChallengeUITestsLaunchTests.swift in Sources */,
			);
			runOnlyForDeploymentPostprocessing = 0;
		};
/* End PBXSourcesBuildPhase section */

/* Begin PBXTargetDependency section */
		B9A21C7B27A8528F001222DE /* PBXTargetDependency */ = {
			isa = PBXTargetDependency;
			target = B9A21C6227A8528D001222DE /* MeliChallenge */;
			targetProxy = B9A21C7A27A8528F001222DE /* PBXContainerItemProxy */;
		};
		B9A21C8527A8528F001222DE /* PBXTargetDependency */ = {
			isa = PBXTargetDependency;
			target = B9A21C6227A8528D001222DE /* MeliChallenge */;
			targetProxy = B9A21C8427A8528F001222DE /* PBXContainerItemProxy */;
		};
/* End PBXTargetDependency section */

/* Begin PBXVariantGroup section */
		B9A21C6C27A8528D001222DE /* Main.storyboard */ = {
			isa = PBXVariantGroup;
			children = (
				B9A21C6D27A8528D001222DE /* Base */,
			);
			name = Main.storyboard;
			sourceTree = "<group>";
		};
		B9A21C7127A8528F001222DE /* LaunchScreen.storyboard */ = {
			isa = PBXVariantGroup;
			children = (
				B9A21C7227A8528F001222DE /* Base */,
			);
			name = LaunchScreen.storyboard;
			sourceTree = "<group>";
		};
/* End PBXVariantGroup section */

/* Begin XCBuildConfiguration section */
		B9A21C8B27A8528F001222DE /* Debug */ = {
			isa = XCBuildConfiguration;
			buildSettings = {
				ALWAYS_SEARCH_USER_PATHS = NO;
				CLANG_ANALYZER_NONNULL = YES;
				CLANG_ANALYZER_NUMBER_OBJECT_CONVERSION = YES_AGGRESSIVE;
				CLANG_CXX_LANGUAGE_STANDARD = "gnu++17";
				CLANG_CXX_LIBRARY = "libc++";
				CLANG_ENABLE_MODULES = YES;
				CLANG_ENABLE_OBJC_ARC = YES;
				CLANG_ENABLE_OBJC_WEAK = YES;
				CLANG_WARN_BLOCK_CAPTURE_AUTORELEASING = YES;
				CLANG_WARN_BOOL_CONVERSION = YES;
				CLANG_WARN_COMMA = YES;
				CLANG_WARN_CONSTANT_CONVERSION = YES;
				CLANG_WARN_DEPRECATED_OBJC_IMPLEMENTATIONS = YES;
				CLANG_WARN_DIRECT_OBJC_ISA_USAGE = YES_ERROR;
				CLANG_WARN_DOCUMENTATION_COMMENTS = YES;
				CLANG_WARN_EMPTY_BODY = YES;
				CLANG_WARN_ENUM_CONVERSION = YES;
				CLANG_WARN_INFINITE_RECURSION = YES;
				CLANG_WARN_INT_CONVERSION = YES;
				CLANG_WARN_NON_LITERAL_NULL_CONVERSION = YES;
				CLANG_WARN_OBJC_IMPLICIT_RETAIN_SELF = YES;
				CLANG_WARN_OBJC_LITERAL_CONVERSION = YES;
				CLANG_WARN_OBJC_ROOT_CLASS = YES_ERROR;
				CLANG_WARN_QUOTED_INCLUDE_IN_FRAMEWORK_HEADER = YES;
				CLANG_WARN_RANGE_LOOP_ANALYSIS = YES;
				CLANG_WARN_STRICT_PROTOTYPES = YES;
				CLANG_WARN_SUSPICIOUS_MOVE = YES;
				CLANG_WARN_UNGUARDED_AVAILABILITY = YES_AGGRESSIVE;
				CLANG_WARN_UNREACHABLE_CODE = YES;
				CLANG_WARN__DUPLICATE_METHOD_MATCH = YES;
				COPY_PHASE_STRIP = NO;
				DEBUG_INFORMATION_FORMAT = dwarf;
				ENABLE_STRICT_OBJC_MSGSEND = YES;
				ENABLE_TESTABILITY = YES;
				GCC_C_LANGUAGE_STANDARD = gnu11;
				GCC_DYNAMIC_NO_PIC = NO;
				GCC_NO_COMMON_BLOCKS = YES;
				GCC_OPTIMIZATION_LEVEL = 0;
				GCC_PREPROCESSOR_DEFINITIONS = (
					"DEBUG=1",
					"$(inherited)",
				);
				GCC_WARN_64_TO_32_BIT_CONVERSION = YES;
				GCC_WARN_ABOUT_RETURN_TYPE = YES_ERROR;
				GCC_WARN_UNDECLARED_SELECTOR = YES;
				GCC_WARN_UNINITIALIZED_AUTOS = YES_AGGRESSIVE;
				GCC_WARN_UNUSED_FUNCTION = YES;
				GCC_WARN_UNUSED_VARIABLE = YES;
				IPHONEOS_DEPLOYMENT_TARGET = 15.2;
				MTL_ENABLE_DEBUG_INFO = INCLUDE_SOURCE;
				MTL_FAST_MATH = YES;
				ONLY_ACTIVE_ARCH = YES;
				SDKROOT = iphoneos;
				SWIFT_ACTIVE_COMPILATION_CONDITIONS = DEBUG;
				SWIFT_OPTIMIZATION_LEVEL = "-Onone";
			};
			name = Debug;
		};
		B9A21C8C27A8528F001222DE /* Release */ = {
			isa = XCBuildConfiguration;
			buildSettings = {
				ALWAYS_SEARCH_USER_PATHS = NO;
				CLANG_ANALYZER_NONNULL = YES;
				CLANG_ANALYZER_NUMBER_OBJECT_CONVERSION = YES_AGGRESSIVE;
				CLANG_CXX_LANGUAGE_STANDARD = "gnu++17";
				CLANG_CXX_LIBRARY = "libc++";
				CLANG_ENABLE_MODULES = YES;
				CLANG_ENABLE_OBJC_ARC = YES;
				CLANG_ENABLE_OBJC_WEAK = YES;
				CLANG_WARN_BLOCK_CAPTURE_AUTORELEASING = YES;
				CLANG_WARN_BOOL_CONVERSION = YES;
				CLANG_WARN_COMMA = YES;
				CLANG_WARN_CONSTANT_CONVERSION = YES;
				CLANG_WARN_DEPRECATED_OBJC_IMPLEMENTATIONS = YES;
				CLANG_WARN_DIRECT_OBJC_ISA_USAGE = YES_ERROR;
				CLANG_WARN_DOCUMENTATION_COMMENTS = YES;
				CLANG_WARN_EMPTY_BODY = YES;
				CLANG_WARN_ENUM_CONVERSION = YES;
				CLANG_WARN_INFINITE_RECURSION = YES;
				CLANG_WARN_INT_CONVERSION = YES;
				CLANG_WARN_NON_LITERAL_NULL_CONVERSION = YES;
				CLANG_WARN_OBJC_IMPLICIT_RETAIN_SELF = YES;
				CLANG_WARN_OBJC_LITERAL_CONVERSION = YES;
				CLANG_WARN_OBJC_ROOT_CLASS = YES_ERROR;
				CLANG_WARN_QUOTED_INCLUDE_IN_FRAMEWORK_HEADER = YES;
				CLANG_WARN_RANGE_LOOP_ANALYSIS = YES;
				CLANG_WARN_STRICT_PROTOTYPES = YES;
				CLANG_WARN_SUSPICIOUS_MOVE = YES;
				CLANG_WARN_UNGUARDED_AVAILABILITY = YES_AGGRESSIVE;
				CLANG_WARN_UNREACHABLE_CODE = YES;
				CLANG_WARN__DUPLICATE_METHOD_MATCH = YES;
				COPY_PHASE_STRIP = NO;
				DEBUG_INFORMATION_FORMAT = "dwarf-with-dsym";
				ENABLE_NS_ASSERTIONS = NO;
				ENABLE_STRICT_OBJC_MSGSEND = YES;
				GCC_C_LANGUAGE_STANDARD = gnu11;
				GCC_NO_COMMON_BLOCKS = YES;
				GCC_WARN_64_TO_32_BIT_CONVERSION = YES;
				GCC_WARN_ABOUT_RETURN_TYPE = YES_ERROR;
				GCC_WARN_UNDECLARED_SELECTOR = YES;
				GCC_WARN_UNINITIALIZED_AUTOS = YES_AGGRESSIVE;
				GCC_WARN_UNUSED_FUNCTION = YES;
				GCC_WARN_UNUSED_VARIABLE = YES;
				IPHONEOS_DEPLOYMENT_TARGET = 15.2;
				MTL_ENABLE_DEBUG_INFO = NO;
				MTL_FAST_MATH = YES;
				SDKROOT = iphoneos;
				SWIFT_COMPILATION_MODE = wholemodule;
				SWIFT_OPTIMIZATION_LEVEL = "-O";
				VALIDATE_PRODUCT = YES;
			};
			name = Release;
		};
		B9A21C8E27A8528F001222DE /* Debug */ = {
			isa = XCBuildConfiguration;
			baseConfigurationReference = C34EB4B8D8F0FB35BAD10EAD /* Pods-MeliChallenge.debug.xcconfig */;
			buildSettings = {
				ALWAYS_EMBED_SWIFT_STANDARD_LIBRARIES = "$(inherited)";
				ASSETCATALOG_COMPILER_APPICON_NAME = AppIcon;
				ASSETCATALOG_COMPILER_GLOBAL_ACCENT_COLOR_NAME = AccentColor;
				CODE_SIGN_STYLE = Automatic;
				CURRENT_PROJECT_VERSION = 1;
				GENERATE_INFOPLIST_FILE = YES;
				INFOPLIST_FILE = MeliChallenge/Info.plist;
				INFOPLIST_KEY_UIApplicationSupportsIndirectInputEvents = YES;
				INFOPLIST_KEY_UILaunchStoryboardName = LaunchScreen;
				INFOPLIST_KEY_UIMainStoryboardFile = Main;
				INFOPLIST_KEY_UISupportedInterfaceOrientations_iPad = "UIInterfaceOrientationPortrait UIInterfaceOrientationPortraitUpsideDown UIInterfaceOrientationLandscapeLeft UIInterfaceOrientationLandscapeRight";
				INFOPLIST_KEY_UISupportedInterfaceOrientations_iPhone = "UIInterfaceOrientationPortrait UIInterfaceOrientationLandscapeLeft UIInterfaceOrientationLandscapeRight";
				LD_RUNPATH_SEARCH_PATHS = (
					"$(inherited)",
					"@executable_path/Frameworks",
				);
				MARKETING_VERSION = 1.0;
				PRODUCT_BUNDLE_IDENTIFIER = meli.challenge.app;
				PRODUCT_NAME = "$(TARGET_NAME)";
				SWIFT_EMIT_LOC_STRINGS = YES;
				SWIFT_VERSION = 5.0;
				TARGETED_DEVICE_FAMILY = "1,2";
			};
			name = Debug;
		};
		B9A21C8F27A8528F001222DE /* Release */ = {
			isa = XCBuildConfiguration;
			baseConfigurationReference = 9B6E09632CBC1514EB016279 /* Pods-MeliChallenge.release.xcconfig */;
			buildSettings = {
				ALWAYS_EMBED_SWIFT_STANDARD_LIBRARIES = "$(inherited)";
				ASSETCATALOG_COMPILER_APPICON_NAME = AppIcon;
				ASSETCATALOG_COMPILER_GLOBAL_ACCENT_COLOR_NAME = AccentColor;
				CODE_SIGN_STYLE = Automatic;
				CURRENT_PROJECT_VERSION = 1;
				GENERATE_INFOPLIST_FILE = YES;
				INFOPLIST_FILE = MeliChallenge/Info.plist;
				INFOPLIST_KEY_UIApplicationSupportsIndirectInputEvents = YES;
				INFOPLIST_KEY_UILaunchStoryboardName = LaunchScreen;
				INFOPLIST_KEY_UIMainStoryboardFile = Main;
				INFOPLIST_KEY_UISupportedInterfaceOrientations_iPad = "UIInterfaceOrientationPortrait UIInterfaceOrientationPortraitUpsideDown UIInterfaceOrientationLandscapeLeft UIInterfaceOrientationLandscapeRight";
				INFOPLIST_KEY_UISupportedInterfaceOrientations_iPhone = "UIInterfaceOrientationPortrait UIInterfaceOrientationLandscapeLeft UIInterfaceOrientationLandscapeRight";
				LD_RUNPATH_SEARCH_PATHS = (
					"$(inherited)",
					"@executable_path/Frameworks",
				);
				MARKETING_VERSION = 1.0;
				PRODUCT_BUNDLE_IDENTIFIER = meli.challenge.app;
				PRODUCT_NAME = "$(TARGET_NAME)";
				SWIFT_EMIT_LOC_STRINGS = YES;
				SWIFT_VERSION = 5.0;
				TARGETED_DEVICE_FAMILY = "1,2";
			};
			name = Release;
		};
		B9A21C9127A8528F001222DE /* Debug */ = {
			isa = XCBuildConfiguration;
			baseConfigurationReference = B38BE7048CFCA2CDEDE06F7D /* Pods-MeliChallengeTests.debug.xcconfig */;
			buildSettings = {
				ALWAYS_EMBED_SWIFT_STANDARD_LIBRARIES = "$(inherited)";
				BUNDLE_LOADER = "$(TEST_HOST)";
				CODE_SIGN_STYLE = Automatic;
				CURRENT_PROJECT_VERSION = 1;
				GENERATE_INFOPLIST_FILE = YES;
				IPHONEOS_DEPLOYMENT_TARGET = 15.2;
				MARKETING_VERSION = 1.0;
				PRODUCT_BUNDLE_IDENTIFIER = meli.MeliChallengeTests;
				PRODUCT_NAME = "$(TARGET_NAME)";
				SWIFT_EMIT_LOC_STRINGS = NO;
				SWIFT_VERSION = 5.0;
				TARGETED_DEVICE_FAMILY = "1,2";
				TEST_HOST = "$(BUILT_PRODUCTS_DIR)/MeliChallenge.app/MeliChallenge";
			};
			name = Debug;
		};
		B9A21C9227A8528F001222DE /* Release */ = {
			isa = XCBuildConfiguration;
			baseConfigurationReference = 03383D5FD4CF1375E07DB91E /* Pods-MeliChallengeTests.release.xcconfig */;
			buildSettings = {
				ALWAYS_EMBED_SWIFT_STANDARD_LIBRARIES = "$(inherited)";
				BUNDLE_LOADER = "$(TEST_HOST)";
				CODE_SIGN_STYLE = Automatic;
				CURRENT_PROJECT_VERSION = 1;
				GENERATE_INFOPLIST_FILE = YES;
				IPHONEOS_DEPLOYMENT_TARGET = 15.2;
				MARKETING_VERSION = 1.0;
				PRODUCT_BUNDLE_IDENTIFIER = meli.MeliChallengeTests;
				PRODUCT_NAME = "$(TARGET_NAME)";
				SWIFT_EMIT_LOC_STRINGS = NO;
				SWIFT_VERSION = 5.0;
				TARGETED_DEVICE_FAMILY = "1,2";
				TEST_HOST = "$(BUILT_PRODUCTS_DIR)/MeliChallenge.app/MeliChallenge";
			};
			name = Release;
		};
		B9A21C9427A8528F001222DE /* Debug */ = {
			isa = XCBuildConfiguration;
			baseConfigurationReference = 5C6989B81A271F16B99FEF1C /* Pods-MeliChallenge-MeliChallengeUITests.debug.xcconfig */;
			buildSettings = {
				ALWAYS_EMBED_SWIFT_STANDARD_LIBRARIES = "$(inherited)";
				CODE_SIGN_STYLE = Automatic;
				CURRENT_PROJECT_VERSION = 1;
				GENERATE_INFOPLIST_FILE = YES;
				MARKETING_VERSION = 1.0;
				PRODUCT_BUNDLE_IDENTIFIER = meli.MeliChallengeUITests;
				PRODUCT_NAME = "$(TARGET_NAME)";
				SWIFT_EMIT_LOC_STRINGS = NO;
				SWIFT_VERSION = 5.0;
				TARGETED_DEVICE_FAMILY = "1,2";
				TEST_TARGET_NAME = MeliChallenge;
			};
			name = Debug;
		};
		B9A21C9527A8528F001222DE /* Release */ = {
			isa = XCBuildConfiguration;
			baseConfigurationReference = 9614D417F5A500E4A567E76F /* Pods-MeliChallenge-MeliChallengeUITests.release.xcconfig */;
			buildSettings = {
				ALWAYS_EMBED_SWIFT_STANDARD_LIBRARIES = "$(inherited)";
				CODE_SIGN_STYLE = Automatic;
				CURRENT_PROJECT_VERSION = 1;
				GENERATE_INFOPLIST_FILE = YES;
				MARKETING_VERSION = 1.0;
				PRODUCT_BUNDLE_IDENTIFIER = meli.MeliChallengeUITests;
				PRODUCT_NAME = "$(TARGET_NAME)";
				SWIFT_EMIT_LOC_STRINGS = NO;
				SWIFT_VERSION = 5.0;
				TARGETED_DEVICE_FAMILY = "1,2";
				TEST_TARGET_NAME = MeliChallenge;
			};
			name = Release;
		};
/* End XCBuildConfiguration section */

/* Begin XCConfigurationList section */
		B9A21C5E27A8528D001222DE /* Build configuration list for PBXProject "MeliChallenge" */ = {
			isa = XCConfigurationList;
			buildConfigurations = (
				B9A21C8B27A8528F001222DE /* Debug */,
				B9A21C8C27A8528F001222DE /* Release */,
			);
			defaultConfigurationIsVisible = 0;
			defaultConfigurationName = Release;
		};
		B9A21C8D27A8528F001222DE /* Build configuration list for PBXNativeTarget "MeliChallenge" */ = {
			isa = XCConfigurationList;
			buildConfigurations = (
				B9A21C8E27A8528F001222DE /* Debug */,
				B9A21C8F27A8528F001222DE /* Release */,
			);
			defaultConfigurationIsVisible = 0;
			defaultConfigurationName = Release;
		};
		B9A21C9027A8528F001222DE /* Build configuration list for PBXNativeTarget "MeliChallengeTests" */ = {
			isa = XCConfigurationList;
			buildConfigurations = (
				B9A21C9127A8528F001222DE /* Debug */,
				B9A21C9227A8528F001222DE /* Release */,
			);
			defaultConfigurationIsVisible = 0;
			defaultConfigurationName = Release;
		};
		B9A21C9327A8528F001222DE /* Build configuration list for PBXNativeTarget "MeliChallengeUITests" */ = {
			isa = XCConfigurationList;
			buildConfigurations = (
				B9A21C9427A8528F001222DE /* Debug */,
				B9A21C9527A8528F001222DE /* Release */,
			);
			defaultConfigurationIsVisible = 0;
			defaultConfigurationName = Release;
		};
/* End XCConfigurationList section */
	};
	rootObject = B9A21C5B27A8528D001222DE /* Project object */;
}
